
Microsoft Visual Studio Solution File, Format Version 12.00
# Visual Studio Version 17
VisualStudioVersion = 17.14.36414.22 d17.14
MinimumVisualStudioVersion = 10.0.40219.1
Project("{FAE04EC0-301F-11D3-BF4B-00C04F79EFBC}") = "Calculadora", "Calculadora\Calculadora.csproj", "{22ED99CD-8587-4BEB-B6CF-33CCDF7FD537}"
EndProject
Global
	GlobalSection(SolutionConfigurationPlatforms) = preSolution
		Debug|Any CPU = Debug|Any CPU
		Release|Any CPU = Release|Any CPU
	EndGlobalSection
	GlobalSection(ProjectConfigurationPlatforms) = postSolution
		{22ED99CD-8587-4BEB-B6CF-33CCDF7FD537}.Debug|Any CPU.ActiveCfg = Debug|Any CPU
		{22ED99CD-8587-4BEB-B6CF-33CCDF7FD537}.Debug|Any CPU.Build.0 = Debug|Any CPU
		{22ED99CD-8587-4BEB-B6CF-33CCDF7FD537}.Release|Any CPU.ActiveCfg = Release|Any CPU
		{22ED99CD-8587-4BEB-B6CF-33CCDF7FD537}.Release|Any CPU.Build.0 = Release|Any CPU
	EndGlobalSection
	GlobalSection(SolutionProperties) = preSolution
		HideSolutionNode = FALSE
	EndGlobalSection
	GlobalSection(ExtensibilityGlobals) = postSolution
		SolutionGuid = {1F9C1D6B-BB19-4A66-B376-D6290FE6E84B}
	EndGlobalSection
EndGlobal
